
Microsoft Visual Studio Solution File, Format Version 12.00
# Visual Studio Version 17
VisualStudioVersion = 17.4.33122.133
MinimumVisualStudioVersion = 10.0.40219.1
Project("{FAE04EC0-301F-11D3-BF4B-00C04F79EFBC}") = "Eng3.Domain", "Eng3.Domain\Eng3.Domain.csproj", "{B6EF6828-1F98-4363-A4CB-B6149B0878A0}"
EndProject
Project("{FAE04EC0-301F-11D3-BF4B-00C04F79EFBC}") = "Eng3.Application", "Eng3.Application\Eng3.Application.csproj", "{4EEE6C75-CC41-47EC-9185-A5D59F102766}"
EndProject
Project("{FAE04EC0-301F-11D3-BF4B-00C04F79EFBC}") = "Eng3.Infra.Data", "Eng3.Infra.Data\Eng3.Infra.Data.csproj", "{6C434144-E4AD-417A-A8A4-CAD984235A26}"
EndProject
Project("{FAE04EC0-301F-11D3-BF4B-00C04F79EFBC}") = "Eng3.Infra.IoC", "Eng3.Infra.IoC\Eng3.Infra.IoC.csproj", "{0812F25C-8E9B-4CA7-84D8-B2F6017D37DD}"
EndProject
Project("{FAE04EC0-301F-11D3-BF4B-00C04F79EFBC}") = "Eng3.Web.UI", "Eng3.Web.UI\Eng3.Web.UI.csproj", "{C64FBF58-4656-429F-8A6F-D91DAE5018F2}"
EndProject
Global
	GlobalSection(SolutionConfigurationPlatforms) = preSolution
		Debug|Any CPU = Debug|Any CPU
		Release|Any CPU = Release|Any CPU
	EndGlobalSection
	GlobalSection(ProjectConfigurationPlatforms) = postSolution
		{B6EF6828-1F98-4363-A4CB-B6149B0878A0}.Debug|Any CPU.ActiveCfg = Debug|Any CPU
		{B6EF6828-1F98-4363-A4CB-B6149B0878A0}.Debug|Any CPU.Build.0 = Debug|Any CPU
		{B6EF6828-1F98-4363-A4CB-B6149B0878A0}.Release|Any CPU.ActiveCfg = Release|Any CPU
		{B6EF6828-1F98-4363-A4CB-B6149B0878A0}.Release|Any CPU.Build.0 = Release|Any CPU
		{4EEE6C75-CC41-47EC-9185-A5D59F102766}.Debug|Any CPU.ActiveCfg = Debug|Any CPU
		{4EEE6C75-CC41-47EC-9185-A5D59F102766}.Debug|Any CPU.Build.0 = Debug|Any CPU
		{4EEE6C75-CC41-47EC-9185-A5D59F102766}.Release|Any CPU.ActiveCfg = Release|Any CPU
		{4EEE6C75-CC41-47EC-9185-A5D59F102766}.Release|Any CPU.Build.0 = Release|Any CPU
		{6C434144-E4AD-417A-A8A4-CAD984235A26}.Debug|Any CPU.ActiveCfg = Debug|Any CPU
		{6C434144-E4AD-417A-A8A4-CAD984235A26}.Debug|Any CPU.Build.0 = Debug|Any CPU
		{6C434144-E4AD-417A-A8A4-CAD984235A26}.Release|Any CPU.ActiveCfg = Release|Any CPU
		{6C434144-E4AD-417A-A8A4-CAD984235A26}.Release|Any CPU.Build.0 = Release|Any CPU
		{0812F25C-8E9B-4CA7-84D8-B2F6017D37DD}.Debug|Any CPU.ActiveCfg = Debug|Any CPU
		{0812F25C-8E9B-4CA7-84D8-B2F6017D37DD}.Debug|Any CPU.Build.0 = Debug|Any CPU
		{0812F25C-8E9B-4CA7-84D8-B2F6017D37DD}.Release|Any CPU.ActiveCfg = Release|Any CPU
		{0812F25C-8E9B-4CA7-84D8-B2F6017D37DD}.Release|Any CPU.Build.0 = Release|Any CPU
		{C64FBF58-4656-429F-8A6F-D91DAE5018F2}.Debug|Any CPU.ActiveCfg = Debug|Any CPU
		{C64FBF58-4656-429F-8A6F-D91DAE5018F2}.Debug|Any CPU.Build.0 = Debug|Any CPU
		{C64FBF58-4656-429F-8A6F-D91DAE5018F2}.Release|Any CPU.ActiveCfg = Release|Any CPU
		{C64FBF58-4656-429F-8A6F-D91DAE5018F2}.Release|Any CPU.Build.0 = Release|Any CPU
	EndGlobalSection
	GlobalSection(SolutionProperties) = preSolution
		HideSolutionNode = FALSE
	EndGlobalSection
	GlobalSection(ExtensibilityGlobals) = postSolution
		SolutionGuid = {E3B1CD1F-B302-4BD4-B3BD-A851484F6755}
	EndGlobalSection
EndGlobal
